{
  "name": "testFlatBuf",
  "version": "1.0.0",
  "lockfileVersion": 1,
  "requires": true,
  "dependencies": {
    "flatbuffers": {
      "version": "1.8.0",
      "resolved": "https://registry.npmjs.org/flatbuffers/-/flatbuffers-1.8.0.tgz",
      "integrity": "sha1-SnCxbYQ9cL8IIvwNcTe3Vanogao="
    }
  }
}
